
Microsoft Visual Studio Solution File, Format Version 12.00
# Visual Studio Version 17
VisualStudioVersion = 17.7.34024.191
MinimumVisualStudioVersion = 10.0.40219.1
Project("{FAE04EC0-301F-11D3-BF4B-00C04F79EFBC}") = "CQRSProject", "CQRSProject\CQRSProject.csproj", "{39B4B712-64F8-4A43-B96F-82FF31814C67}"
EndProject
Global
	GlobalSection(SolutionConfigurationPlatforms) = preSolution
		Debug|Any CPU = Debug|Any CPU
		Release|Any CPU = Release|Any CPU
	EndGlobalSection
	GlobalSection(ProjectConfigurationPlatforms) = postSolution
		{39B4B712-64F8-4A43-B96F-82FF31814C67}.Debug|Any CPU.ActiveCfg = Debug|Any CPU
		{39B4B712-64F8-4A43-B96F-82FF31814C67}.Debug|Any CPU.Build.0 = Debug|Any CPU
		{39B4B712-64F8-4A43-B96F-82FF31814C67}.Release|Any CPU.ActiveCfg = Release|Any CPU
		{39B4B712-64F8-4A43-B96F-82FF31814C67}.Release|Any CPU.Build.0 = Release|Any CPU
	EndGlobalSection
	GlobalSection(SolutionProperties) = preSolution
		HideSolutionNode = FALSE
	EndGlobalSection
	GlobalSection(ExtensibilityGlobals) = postSolution
		SolutionGuid = {13967FFA-944D-4F01-AECB-6607DCAC67A2}
	EndGlobalSection
EndGlobal
